
Microsoft Visual Studio Solution File, Format Version 11.00
# Visual Studio 2010
Project("{FAE04EC0-301F-11D3-BF4B-00C04F79EFBC}") = "Model", "Model\Model.csproj", "{4ABFD1F4-67C9-4DB6-BC44-4C67113999CD}"
EndProject
Project("{FAE04EC0-301F-11D3-BF4B-00C04F79EFBC}") = "DAL", "DAL\DAL.csproj", "{B6D8626A-1D17-4911-B095-C6D9F4FAF3EF}"
EndProject
Project("{FAE04EC0-301F-11D3-BF4B-00C04F79EFBC}") = "BLL", "BLL\BLL.csproj", "{1207551E-50D5-4EEA-9BA5-2770504E2749}"
EndProject
Project("{FAE04EC0-301F-11D3-BF4B-00C04F79EFBC}") = "StudentsUI", "StudentsUI\StudentsUI.csproj", "{E5522502-6AD5-4CAB-8A9D-589A386D3A57}"
EndProject
Global
	GlobalSection(SolutionConfigurationPlatforms) = preSolution
		Debug|Any CPU = Debug|Any CPU
		Debug|Mixed Platforms = Debug|Mixed Platforms
		Debug|x86 = Debug|x86
		Release|Any CPU = Release|Any CPU
		Release|Mixed Platforms = Release|Mixed Platforms
		Release|x86 = Release|x86
	EndGlobalSection
	GlobalSection(ProjectConfigurationPlatforms) = postSolution
		{4ABFD1F4-67C9-4DB6-BC44-4C67113999CD}.Debug|Any CPU.ActiveCfg = Debug|Any CPU
		{4ABFD1F4-67C9-4DB6-BC44-4C67113999CD}.Debug|Any CPU.Build.0 = Debug|Any CPU
		{4ABFD1F4-67C9-4DB6-BC44-4C67113999CD}.Debug|Mixed Platforms.ActiveCfg = Debug|Any CPU
		{4ABFD1F4-67C9-4DB6-BC44-4C67113999CD}.Debug|Mixed Platforms.Build.0 = Debug|Any CPU
		{4ABFD1F4-67C9-4DB6-BC44-4C67113999CD}.Debug|x86.ActiveCfg = Debug|Any CPU
		{4ABFD1F4-67C9-4DB6-BC44-4C67113999CD}.Release|Any CPU.ActiveCfg = Release|Any CPU
		{4ABFD1F4-67C9-4DB6-BC44-4C67113999CD}.Release|Any CPU.Build.0 = Release|Any CPU
		{4ABFD1F4-67C9-4DB6-BC44-4C67113999CD}.Release|Mixed Platforms.ActiveCfg = Release|Any CPU
		{4ABFD1F4-67C9-4DB6-BC44-4C67113999CD}.Release|Mixed Platforms.Build.0 = Release|Any CPU
		{4ABFD1F4-67C9-4DB6-BC44-4C67113999CD}.Release|x86.ActiveCfg = Release|Any CPU
		{B6D8626A-1D17-4911-B095-C6D9F4FAF3EF}.Debug|Any CPU.ActiveCfg = Debug|Any CPU
		{B6D8626A-1D17-4911-B095-C6D9F4FAF3EF}.Debug|Any CPU.Build.0 = Debug|Any CPU
		{B6D8626A-1D17-4911-B095-C6D9F4FAF3EF}.Debug|Mixed Platforms.ActiveCfg = Debug|Any CPU
		{B6D8626A-1D17-4911-B095-C6D9F4FAF3EF}.Debug|Mixed Platforms.Build.0 = Debug|Any CPU
		{B6D8626A-1D17-4911-B095-C6D9F4FAF3EF}.Debug|x86.ActiveCfg = Debug|Any CPU
		{B6D8626A-1D17-4911-B095-C6D9F4FAF3EF}.Release|Any CPU.ActiveCfg = Release|Any CPU
		{B6D8626A-1D17-4911-B095-C6D9F4FAF3EF}.Release|Any CPU.Build.0 = Release|Any CPU
		{B6D8626A-1D17-4911-B095-C6D9F4FAF3EF}.Release|Mixed Platforms.ActiveCfg = Release|Any CPU
		{B6D8626A-1D17-4911-B095-C6D9F4FAF3EF}.Release|Mixed Platforms.Build.0 = Release|Any CPU
		{B6D8626A-1D17-4911-B095-C6D9F4FAF3EF}.Release|x86.ActiveCfg = Release|Any CPU
		{1207551E-50D5-4EEA-9BA5-2770504E2749}.Debug|Any CPU.ActiveCfg = Debug|Any CPU
		{1207551E-50D5-4EEA-9BA5-2770504E2749}.Debug|Any CPU.Build.0 = Debug|Any CPU
		{1207551E-50D5-4EEA-9BA5-2770504E2749}.Debug|Mixed Platforms.ActiveCfg = Debug|Any CPU
		{1207551E-50D5-4EEA-9BA5-2770504E2749}.Debug|Mixed Platforms.Build.0 = Debug|Any CPU
		{1207551E-50D5-4EEA-9BA5-2770504E2749}.Debug|x86.ActiveCfg = Debug|Any CPU
		{1207551E-50D5-4EEA-9BA5-2770504E2749}.Release|Any CPU.ActiveCfg = Release|Any CPU
		{1207551E-50D5-4EEA-9BA5-2770504E2749}.Release|Any CPU.Build.0 = Release|Any CPU
		{1207551E-50D5-4EEA-9BA5-2770504E2749}.Release|Mixed Platforms.ActiveCfg = Release|Any CPU
		{1207551E-50D5-4EEA-9BA5-2770504E2749}.Release|Mixed Platforms.Build.0 = Release|Any CPU
		{1207551E-50D5-4EEA-9BA5-2770504E2749}.Release|x86.ActiveCfg = Release|Any CPU
		{E5522502-6AD5-4CAB-8A9D-589A386D3A57}.Debug|Any CPU.ActiveCfg = Debug|x86
		{E5522502-6AD5-4CAB-8A9D-589A386D3A57}.Debug|Mixed Platforms.ActiveCfg = Debug|x86
		{E5522502-6AD5-4CAB-8A9D-589A386D3A57}.Debug|Mixed Platforms.Build.0 = Debug|x86
		{E5522502-6AD5-4CAB-8A9D-589A386D3A57}.Debug|x86.ActiveCfg = Debug|x86
		{E5522502-6AD5-4CAB-8A9D-589A386D3A57}.Debug|x86.Build.0 = Debug|x86
		{E5522502-6AD5-4CAB-8A9D-589A386D3A57}.Release|Any CPU.ActiveCfg = Release|x86
		{E5522502-6AD5-4CAB-8A9D-589A386D3A57}.Release|Mixed Platforms.ActiveCfg = Release|x86
		{E5522502-6AD5-4CAB-8A9D-589A386D3A57}.Release|Mixed Platforms.Build.0 = Release|x86
		{E5522502-6AD5-4CAB-8A9D-589A386D3A57}.Release|x86.ActiveCfg = Release|x86
		{E5522502-6AD5-4CAB-8A9D-589A386D3A57}.Release|x86.Build.0 = Release|x86
	EndGlobalSection
	GlobalSection(SolutionProperties) = preSolution
		HideSolutionNode = FALSE
	EndGlobalSection
EndGlobal
